// !$*UTF8*$!
{
	archiveVersion = 1;
	classes = {
	};
	objectVersion = 46;
	objects = {

/* Begin PBXBuildFile section */
		C1560A001F6EA0DA00A58E2C /* AppDelegate.swift in Sources */ = {isa = PBXBuildFile; fileRef = C15609FF1F6EA0DA00A58E2C /* AppDelegate.swift */; };
		C1560A061F6EA0DA00A58E2C /* GameScene.swift in Sources */ = {isa = PBXBuildFile; fileRef = C1560A051F6EA0DA00A58E2C /* GameScene.swift */; };
		C1560A081F6EA0DA00A58E2C /* GameViewController.swift in Sources */ = {isa = PBXBuildFile; fileRef = C1560A071F6EA0DA00A58E2C /* GameViewController.swift */; };
		C1560A0B1F6EA0DA00A58E2C /* Main.storyboard in Resources */ = {isa = PBXBuildFile; fileRef = C1560A091F6EA0DA00A58E2C /* Main.storyboard */; };
		C1560A0D1F6EA0DA00A58E2C /* Assets.xcassets in Resources */ = {isa = PBXBuildFile; fileRef = C1560A0C1F6EA0DA00A58E2C /* Assets.xcassets */; };
		C1560A101F6EA0DA00A58E2C /* LaunchScreen.storyboard in Resources */ = {isa = PBXBuildFile; fileRef = C1560A0E1F6EA0DA00A58E2C /* LaunchScreen.storyboard */; };
/* End PBXBuildFile section */

/* Begin PBXFileReference section */
		C15609FC1F6EA0DA00A58E2C /* Seven Sides.app */ = {isa = PBXFileReference; explicitFileType = wrapper.application; includeInIndex = 0; path = "Seven Sides.app"; sourceTree = BUILT_PRODUCTS_DIR; };
		C15609FF1F6EA0DA00A58E2C /* AppDelegate.swift */ = {isa = PBXFileReference; lastKnownFileType = sourcecode.swift; path = AppDelegate.swift; sourceTree = "<group>"; };
		C1560A051F6EA0DA00A58E2C /* GameScene.swift */ = {isa = PBXFileReference; lastKnownFileType = sourcecode.swift; path = GameScene.swift; sourceTree = "<group>"; };
		C1560A071F6EA0DA00A58E2C /* GameViewController.swift */ = {isa = PBXFileReference; lastKnownFileType = sourcecode.swift; path = GameViewController.swift; sourceTree = "<group>"; };
		C1560A0A1F6EA0DA00A58E2C /* Base */ = {isa = PBXFileReference; lastKnownFileType = file.storyboard; name = Base; path = Base.lproj/Main.storyboard; sourceTree = "<group>"; };
		C1560A0C1F6EA0DA00A58E2C /* Assets.xcassets */ = {isa = PBXFileReference; lastKnownFileType = folder.assetcatalog; path = Assets.xcassets; sourceTree = "<group>"; };
		C1560A0F1F6EA0DA00A58E2C /* Base */ = {isa = PBXFileReference; lastKnownFileType = file.storyboard; name = Base; path = Base.lproj/LaunchScreen.storyboard; sourceTree = "<group>"; };
		C1560A111F6EA0DA00A58E2C /* Info.plist */ = {isa = PBXFileReference; lastKnownFileType = text.plist.xml; path = Info.plist; sourceTree = "<group>"; };
/* End PBXFileReference section */

/* Begin PBXFrameworksBuildPhase section */
		C15609F91F6EA0DA00A58E2C /* Frameworks */ = {
			isa = PBXFrameworksBuildPhase;
			buildActionMask = 2147483647;
			files = (
			);
			runOnlyForDeploymentPostprocessing = 0;
		};
/* End PBXFrameworksBuildPhase section */

/* Begin PBXGroup section */
		C15609F31F6EA0DA00A58E2C = {
			isa = PBXGroup;
			children = (
				C15609FE1F6EA0DA00A58E2C /* Seven Sides */,
				C15609FD1F6EA0DA00A58E2C /* Products */,
			);
			sourceTree = "<group>";
		};
		C15609FD1F6EA0DA00A58E2C /* Products */ = {
			isa = PBXGroup;
			children = (
				C15609FC1F6EA0DA00A58E2C /* Seven Sides.app */,
			);
			name = Products;
			sourceTree = "<group>";
		};
		C15609FE1F6EA0DA00A58E2C /* Seven Sides */ = {
			isa = PBXGroup;
			children = (
				C15609FF1F6EA0DA00A58E2C /* AppDelegate.swift */,
				C1560A091F6EA0DA00A58E2C /* Main.storyboard */,
				C1560A0C1F6EA0DA00A58E2C /* Assets.xcassets */,
				C1560A0E1F6EA0DA00A58E2C /* LaunchScreen.storyboard */,
				C1560A111F6EA0DA00A58E2C /* Info.plist */,
				C1560A071F6EA0DA00A58E2C /* GameViewController.swift */,
				C1560A051F6EA0DA00A58E2C /* GameScene.swift */,
			);
			path = "Seven Sides";
			sourceTree = "<group>";
		};
/* End PBXGroup section */

/* Begin PBXNativeTarget section */
		C15609FB1F6EA0DA00A58E2C /* Seven Sides */ = {
			isa = PBXNativeTarget;
			buildConfigurationList = C1560A141F6EA0DA00A58E2C /* Build configuration list for PBXNativeTarget "Seven Sides" */;
			buildPhases = (
				C15609F81F6EA0DA00A58E2C /* Sources */,
				C15609F91F6EA0DA00A58E2C /* Frameworks */,
				C15609FA1F6EA0DA00A58E2C /* Resources */,
			);
			buildRules = (
			);
			dependencies = (
			);
			name = "Seven Sides";
			productName = "Seven Sides";
			productReference = C15609FC1F6EA0DA00A58E2C /* Seven Sides.app */;
			productType = "com.apple.product-type.application";
		};
/* End PBXNativeTarget section */

/* Begin PBXProject section */
		C15609F41F6EA0DA00A58E2C /* Project object */ = {
			isa = PBXProject;
			attributes = {
				LastSwiftUpdateCheck = 0830;
				LastUpgradeCheck = 0830;
				ORGANIZATIONNAME = "Neil Houselander";
				TargetAttributes = {
					C15609FB1F6EA0DA00A58E2C = {
						CreatedOnToolsVersion = 8.3.3;
						DevelopmentTeam = FTM8P5BLUZ;
						ProvisioningStyle = Automatic;
					};
				};
			};
			buildConfigurationList = C15609F71F6EA0DA00A58E2C /* Build configuration list for PBXProject "Seven Sides" */;
			compatibilityVersion = "Xcode 3.2";
			developmentRegion = English;
			hasScannedForEncodings = 0;
			knownRegions = (
				en,
				Base,
			);
			mainGroup = C15609F31F6EA0DA00A58E2C;
			productRefGroup = C15609FD1F6EA0DA00A58E2C /* Products */;
			projectDirPath = "";
			projectRoot = "";
			targets = (
				C15609FB1F6EA0DA00A58E2C /* Seven Sides */,
			);
		};
/* End PBXProject section */

/* Begin PBXResourcesBuildPhase section */
		C15609FA1F6EA0DA00A58E2C /* Resources */ = {
			isa = PBXResourcesBuildPhase;
			buildActionMask = 2147483647;
			files = (
				C1560A0B1F6EA0DA00A58E2C /* Main.storyboard in Resources */,
				C1560A0D1F6EA0DA00A58E2C /* Assets.xcassets in Resources */,
				C1560A101F6EA0DA00A58E2C /* LaunchScreen.storyboard in Resources */,
			);
			runOnlyForDeploymentPostprocessing = 0;
		};
/* End PBXResourcesBuildPhase section */

/* Begin PBXSourcesBuildPhase section */
		C15609F81F6EA0DA00A58E2C /* Sources */ = {
			isa = PBXSourcesBuildPhase;
			buildActionMask = 2147483647;
			files = (
				C1560A061F6EA0DA00A58E2C /* GameScene.swift in Sources */,
				C1560A081F6EA0DA00A58E2C /* GameViewController.swift in Sources */,
				C1560A001F6EA0DA00A58E2C /* AppDelegate.swift in Sources */,
			);
			runOnlyForDeploymentPostprocessing = 0;
		};
/* End PBXSourcesBuildPhase section */

/* Begin PBXVariantGroup section */
		C1560A091F6EA0DA00A58E2C /* Main.storyboard */ = {
			isa = PBXVariantGroup;
			children = (
				C1560A0A1F6EA0DA00A58E2C /* Base */,
			);
			name = Main.storyboard;
			sourceTree = "<group>";
		};
		C1560A0E1F6EA0DA00A58E2C /* LaunchScreen.storyboard */ = {
			isa = PBXVariantGroup;
			children = (
				C1560A0F1F6EA0DA00A58E2C /* Base */,
			);
			name = LaunchScreen.storyboard;
			sourceTree = "<group>";
		};
/* End PBXVariantGroup section */

/* Begin XCBuildConfiguration section */
		C1560A121F6EA0DA00A58E2C /* Debug */ = {
			isa = XCBuildConfiguration;
			buildSettings = {
				ALWAYS_SEARCH_USER_PATHS = NO;
				CLANG_ANALYZER_NONNULL = YES;
				CLANG_ANALYZER_NUMBER_OBJECT_CONVERSION = YES_AGGRESSIVE;
				CLANG_CXX_LANGUAGE_STANDARD = "gnu++0x";
				CLANG_CXX_LIBRARY = "libc++";
				CLANG_ENABLE_MODULES = YES;
				CLANG_ENABLE_OBJC_ARC = YES;
				CLANG_WARN_BOOL_CONVERSION = YES;
				CLANG_WARN_CONSTANT_CONVERSION = YES;
				CLANG_WARN_DIRECT_OBJC_ISA_USAGE = YES_ERROR;
				CLANG_WARN_DOCUMENTATION_COMMENTS = YES;
				CLANG_WARN_EMPTY_BODY = YES;
				CLANG_WARN_ENUM_CONVERSION = YES;
				CLANG_WARN_INFINITE_RECURSION = YES;
				CLANG_WARN_INT_CONVERSION = YES;
				CLANG_WARN_OBJC_ROOT_CLASS = YES_ERROR;
				CLANG_WARN_SUSPICIOUS_MOVE = YES;
				CLANG_WARN_UNREACHABLE_CODE = YES;
				CLANG_WARN__DUPLICATE_METHOD_MATCH = YES;
				"CODE_SIGN_IDENTITY[sdk=iphoneos*]" = "iPhone Developer";
				COPY_PHASE_STRIP = NO;
				DEBUG_INFORMATION_FORMAT = dwarf;
				ENABLE_STRICT_OBJC_MSGSEND = YES;
				ENABLE_TESTABILITY = YES;
				GCC_C_LANGUAGE_STANDARD = gnu99;
				GCC_DYNAMIC_NO_PIC = NO;
				GCC_NO_COMMON_BLOCKS = YES;
				GCC_OPTIMIZATION_LEVEL = 0;
				GCC_PREPROCESSOR_DEFINITIONS = (
					"DEBUG=1",
					"$(inherited)",
				);
				GCC_WARN_64_TO_32_BIT_CONVERSION = YES;
				GCC_WARN_ABOUT_RETURN_TYPE = YES_ERROR;
				GCC_WARN_UNDECLARED_SELECTOR = YES;
				GCC_WARN_UNINITIALIZED_AUTOS = YES_AGGRESSIVE;
				GCC_WARN_UNUSED_FUNCTION = YES;
				GCC_WARN_UNUSED_VARIABLE = YES;
				IPHONEOS_DEPLOYMENT_TARGET = 10.3;
				MTL_ENABLE_DEBUG_INFO = YES;
				ONLY_ACTIVE_ARCH = YES;
				SDKROOT = iphoneos;
				SWIFT_ACTIVE_COMPILATION_CONDITIONS = DEBUG;
				SWIFT_OPTIMIZATION_LEVEL = "-Onone";
				TARGETED_DEVICE_FAMILY = "1,2";
			};
			name = Debug;
		};
		C1560A131F6EA0DA00A58E2C /* Release */ = {
			isa = XCBuildConfiguration;
			buildSettings = {
				ALWAYS_SEARCH_USER_PATHS = NO;
				CLANG_ANALYZER_NONNULL = YES;
				CLANG_ANALYZER_NUMBER_OBJECT_CONVERSION = YES_AGGRESSIVE;
				CLANG_CXX_LANGUAGE_STANDARD = "gnu++0x";
				CLANG_CXX_LIBRARY = "libc++";
				CLANG_ENABLE_MODULES = YES;
				CLANG_ENABLE_OBJC_ARC = YES;
				CLANG_WARN_BOOL_CONVERSION = YES;
				CLANG_WARN_CONSTANT_CONVERSION = YES;
				CLANG_WARN_DIRECT_OBJC_ISA_USAGE = YES_ERROR;
				CLANG_WARN_DOCUMENTATION_COMMENTS = YES;
				CLANG_WARN_EMPTY_BODY = YES;
				CLANG_WARN_ENUM_CONVERSION = YES;
				CLANG_WARN_INFINITE_RECURSION = YES;
				CLANG_WARN_INT_CONVERSION = YES;
				CLANG_WARN_OBJC_ROOT_CLASS = YES_ERROR;
				CLANG_WARN_SUSPICIOUS_MOVE = YES;
				CLANG_WARN_UNREACHABLE_CODE = YES;
				CLANG_WARN__DUPLICATE_METHOD_MATCH = YES;
				"CODE_SIGN_IDENTITY[sdk=iphoneos*]" = "iPhone Developer";
				COPY_PHASE_STRIP = NO;
				DEBUG_INFORMATION_FORMAT = "dwarf-with-dsym";
				ENABLE_NS_ASSERTIONS = NO;
				ENABLE_STRICT_OBJC_MSGSEND = YES;
				GCC_C_LANGUAGE_STANDARD = gnu99;
				GCC_NO_COMMON_BLOCKS = YES;
				GCC_WARN_64_TO_32_BIT_CONVERSION = YES;
				GCC_WARN_ABOUT_RETURN_TYPE = YES_ERROR;
				GCC_WARN_UNDECLARED_SELECTOR = YES;
				GCC_WARN_UNINITIALIZED_AUTOS = YES_AGGRESSIVE;
				GCC_WARN_UNUSED_FUNCTION = YES;
				GCC_WARN_UNUSED_VARIABLE = YES;
				IPHONEOS_DEPLOYMENT_TARGET = 10.3;
				MTL_ENABLE_DEBUG_INFO = NO;
				SDKROOT = iphoneos;
				SWIFT_OPTIMIZATION_LEVEL = "-Owholemodule";
				TARGETED_DEVICE_FAMILY = "1,2";
				VALIDATE_PRODUCT = YES;
			};
			name = Release;
		};
		C1560A151F6EA0DA00A58E2C /* Debug */ = {
			isa = XCBuildConfiguration;
			buildSettings = {
				ASSETCATALOG_COMPILER_APPICON_NAME = AppIcon;
				DEVELOPMENT_TEAM = FTM8P5BLUZ;
				INFOPLIST_FILE = "Seven Sides/Info.plist";
				IPHONEOS_DEPLOYMENT_TARGET = 10.0;
				LD_RUNPATH_SEARCH_PATHS = "$(inherited) @executable_path/Frameworks";
				PRODUCT_BUNDLE_IDENTIFIER = "House.Seven-Sides";
				PRODUCT_NAME = "$(TARGET_NAME)";
				SWIFT_VERSION = 3.0;
				TARGETED_DEVICE_FAMILY = "1,2";
			};
			name = Debug;
		};
		C1560A161F6EA0DA00A58E2C /* Release */ = {
			isa = XCBuildConfiguration;
			buildSettings = {
				ASSETCATALOG_COMPILER_APPICON_NAME = AppIcon;
				DEVELOPMENT_TEAM = FTM8P5BLUZ;
				INFOPLIST_FILE = "Seven Sides/Info.plist";
				IPHONEOS_DEPLOYMENT_TARGET = 10.0;
				LD_RUNPATH_SEARCH_PATHS = "$(inherited) @executable_path/Frameworks";
				PRODUCT_BUNDLE_IDENTIFIER = "House.Seven-Sides";
				PRODUCT_NAME = "$(TARGET_NAME)";
				SWIFT_VERSION = 3.0;
				TARGETED_DEVICE_FAMILY = "1,2";
			};
			name = Release;
		};
/* End XCBuildConfiguration section */

/* Begin XCConfigurationList section */
		C15609F71F6EA0DA00A58E2C /* Build configuration list for PBXProject "Seven Sides" */ = {
			isa = XCConfigurationList;
			buildConfigurations = (
				C1560A121F6EA0DA00A58E2C /* Debug */,
				C1560A131F6EA0DA00A58E2C /* Release */,
			);
			defaultConfigurationIsVisible = 0;
			defaultConfigurationName = Release;
		};
		C1560A141F6EA0DA00A58E2C /* Build configuration list for PBXNativeTarget "Seven Sides" */ = {
			isa = XCConfigurationList;
			buildConfigurations = (
				C1560A151F6EA0DA00A58E2C /* Debug */,
				C1560A161F6EA0DA00A58E2C /* Release */,
			);
			defaultConfigurationIsVisible = 0;
		};
/* End XCConfigurationList section */
	};
	rootObject = C15609F41F6EA0DA00A58E2C /* Project object */;
}
